
Microsoft Visual Studio Solution File, Format Version 12.00
# Visual Studio Version 16
VisualStudioVersion = 16.0.29326.143
MinimumVisualStudioVersion = 10.0.40219.1
Project("{9A19103F-16F7-4668-BE54-9A1E7A4F7556}") = "csharp", "csharp\csharp.csproj", "{52B735D7-1135-4E23-9582-D59C82755491}"
EndProject
Project("{2150E333-8FDC-42A3-9474-1A3956D46DE8}") = "Solution Items", "Solution Items", "{49490E29-2256-42E3-B2BA-82FE1F53F048}"
	ProjectSection(SolutionItems) = preProject
		README.md = README.md
	EndProjectSection
EndProject
Global
	GlobalSection(SolutionConfigurationPlatforms) = preSolution
		Debug|Any CPU = Debug|Any CPU
		Release|Any CPU = Release|Any CPU
	EndGlobalSection
	GlobalSection(ProjectConfigurationPlatforms) = postSolution
		{52B735D7-1135-4E23-9582-D59C82755491}.Debug|Any CPU.ActiveCfg = Debug|Any CPU
		{52B735D7-1135-4E23-9582-D59C82755491}.Debug|Any CPU.Build.0 = Debug|Any CPU
		{52B735D7-1135-4E23-9582-D59C82755491}.Release|Any CPU.ActiveCfg = Release|Any CPU
		{52B735D7-1135-4E23-9582-D59C82755491}.Release|Any CPU.Build.0 = Release|Any CPU
	EndGlobalSection
	GlobalSection(SolutionProperties) = preSolution
		HideSolutionNode = FALSE
	EndGlobalSection
	GlobalSection(ExtensibilityGlobals) = postSolution
		SolutionGuid = {8B36F4E8-5010-49D2-8836-80524C0039EB}
	EndGlobalSection
EndGlobal
